// !$*UTF8*$!
{
	archiveVersion = 1;
	classes = {
	};
	objectVersion = 50;
	objects = {

/* Begin PBXBuildFile section */
		2328159321D46F8C00C83C44 /* AppDelegate.m in Sources */ = {isa = PBXBuildFile; fileRef = 2328159221D46F8C00C83C44 /* AppDelegate.m */; };
		2328159621D46F8C00C83C44 /* ViewController.m in Sources */ = {isa = PBXBuildFile; fileRef = 2328159521D46F8C00C83C44 /* ViewController.m */; };
		2328159921D46F8C00C83C44 /* Main.storyboard in Resources */ = {isa = PBXBuildFile; fileRef = 2328159721D46F8C00C83C44 /* Main.storyboard */; };
		2328159B21D46F8F00C83C44 /* Assets.xcassets in Resources */ = {isa = PBXBuildFile; fileRef = 2328159A21D46F8F00C83C44 /* Assets.xcassets */; };
		2328159E21D46F8F00C83C44 /* LaunchScreen.storyboard in Resources */ = {isa = PBXBuildFile; fileRef = 2328159C21D46F8F00C83C44 /* LaunchScreen.storyboard */; };
		232815A121D46F8F00C83C44 /* main.m in Sources */ = {isa = PBXBuildFile; fileRef = 232815A021D46F8F00C83C44 /* main.m */; };
		232815AD21D4707200C83C44 /* CameraViewController.m in Sources */ = {isa = PBXBuildFile; fileRef = 232815AC21D4707200C83C44 /* CameraViewController.m */; };
		232815B021D470D500C83C44 /* CameraOverlayView.m in Sources */ = {isa = PBXBuildFile; fileRef = 232815AF21D470D500C83C44 /* CameraOverlayView.m */; };
		232815B321D4710100C83C44 /* CameraResultOverlayView.m in Sources */ = {isa = PBXBuildFile; fileRef = 232815B221D4710100C83C44 /* CameraResultOverlayView.m */; };
		232815B521D4711200C83C44 /* CameraOverlayView.xib in Resources */ = {isa = PBXBuildFile; fileRef = 232815B421D4711200C83C44 /* CameraOverlayView.xib */; };
		232815B721D4712600C83C44 /* CameraResultOverlayView.xib in Resources */ = {isa = PBXBuildFile; fileRef = 232815B621D4712600C83C44 /* CameraResultOverlayView.xib */; };
		2337437121D600FE00DE76DF /* CameraPreviewView.m in Sources */ = {isa = PBXBuildFile; fileRef = 2337437021D600FE00DE76DF /* CameraPreviewView.m */; };
		2397F60D21D4A8AC00F031DE /* CameraOverlayTipView.m in Sources */ = {isa = PBXBuildFile; fileRef = 2397F60C21D4A8AC00F031DE /* CameraOverlayTipView.m */; };
		23FFC4EB21DC97A8000945E3 /* CameraCropView.xib in Resources */ = {isa = PBXBuildFile; fileRef = 23FFC4E821DC97A7000945E3 /* CameraCropView.xib */; };
		23FFC4EC21DC97A8000945E3 /* CameraCropView.m in Sources */ = {isa = PBXBuildFile; fileRef = 23FFC4E921DC97A7000945E3 /* CameraCropView.m */; };
		23FFC4EF21DC9842000945E3 /* HitView.m in Sources */ = {isa = PBXBuildFile; fileRef = 23FFC4ED21DC9841000945E3 /* HitView.m */; };
		E923B7D8075DAF15E062CCB1 /* Pods_CamerDemo.framework in Frameworks */ = {isa = PBXBuildFile; fileRef = 250C87CA6B6D2871CABE6C70 /* Pods_CamerDemo.framework */; };
/* End PBXBuildFile section */

/* Begin PBXFileReference section */
		2328158E21D46F8C00C83C44 /* CamerDemo.app */ = {isa = PBXFileReference; explicitFileType = wrapper.application; includeInIndex = 0; path = CamerDemo.app; sourceTree = BUILT_PRODUCTS_DIR; };
		2328159121D46F8C00C83C44 /* AppDelegate.h */ = {isa = PBXFileReference; lastKnownFileType = sourcecode.c.h; path = AppDelegate.h; sourceTree = "<group>"; };
		2328159221D46F8C00C83C44 /* AppDelegate.m */ = {isa = PBXFileReference; lastKnownFileType = sourcecode.c.objc; path = AppDelegate.m; sourceTree = "<group>"; };
		2328159421D46F8C00C83C44 /* ViewController.h */ = {isa = PBXFileReference; lastKnownFileType = sourcecode.c.h; path = ViewController.h; sourceTree = "<group>"; };
		2328159521D46F8C00C83C44 /* ViewController.m */ = {isa = PBXFileReference; lastKnownFileType = sourcecode.c.objc; path = ViewController.m; sourceTree = "<group>"; };
		2328159821D46F8C00C83C44 /* Base */ = {isa = PBXFileReference; lastKnownFileType = file.storyboard; name = Base; path = Base.lproj/Main.storyboard; sourceTree = "<group>"; };
		2328159A21D46F8F00C83C44 /* Assets.xcassets */ = {isa = PBXFileReference; lastKnownFileType = folder.assetcatalog; path = Assets.xcassets; sourceTree = "<group>"; };
		2328159D21D46F8F00C83C44 /* Base */ = {isa = PBXFileReference; lastKnownFileType = file.storyboard; name = Base; path = Base.lproj/LaunchScreen.storyboard; sourceTree = "<group>"; };
		2328159F21D46F8F00C83C44 /* Info.plist */ = {isa = PBXFileReference; lastKnownFileType = text.plist.xml; path = Info.plist; sourceTree = "<group>"; };
		232815A021D46F8F00C83C44 /* main.m */ = {isa = PBXFileReference; lastKnownFileType = sourcecode.c.objc; path = main.m; sourceTree = "<group>"; };
		232815AB21D4707200C83C44 /* CameraViewController.h */ = {isa = PBXFileReference; lastKnownFileType = sourcecode.c.h; path = CameraViewController.h; sourceTree = "<group>"; };
		232815AC21D4707200C83C44 /* CameraViewController.m */ = {isa = PBXFileReference; lastKnownFileType = sourcecode.c.objc; path = CameraViewController.m; sourceTree = "<group>"; };
		232815AE21D470D500C83C44 /* CameraOverlayView.h */ = {isa = PBXFileReference; lastKnownFileType = sourcecode.c.h; path = CameraOverlayView.h; sourceTree = "<group>"; };
		232815AF21D470D500C83C44 /* CameraOverlayView.m */ = {isa = PBXFileReference; lastKnownFileType = sourcecode.c.objc; path = CameraOverlayView.m; sourceTree = "<group>"; };
		232815B121D4710100C83C44 /* CameraResultOverlayView.h */ = {isa = PBXFileReference; lastKnownFileType = sourcecode.c.h; path = CameraResultOverlayView.h; sourceTree = "<group>"; };
		232815B221D4710100C83C44 /* CameraResultOverlayView.m */ = {isa = PBXFileReference; lastKnownFileType = sourcecode.c.objc; path = CameraResultOverlayView.m; sourceTree = "<group>"; };
		232815B421D4711200C83C44 /* CameraOverlayView.xib */ = {isa = PBXFileReference; lastKnownFileType = file.xib; path = CameraOverlayView.xib; sourceTree = "<group>"; };
		232815B621D4712600C83C44 /* CameraResultOverlayView.xib */ = {isa = PBXFileReference; lastKnownFileType = file.xib; path = CameraResultOverlayView.xib; sourceTree = "<group>"; };
		2337436F21D600FE00DE76DF /* CameraPreviewView.h */ = {isa = PBXFileReference; lastKnownFileType = sourcecode.c.h; path = CameraPreviewView.h; sourceTree = "<group>"; };
		2337437021D600FE00DE76DF /* CameraPreviewView.m */ = {isa = PBXFileReference; lastKnownFileType = sourcecode.c.objc; path = CameraPreviewView.m; sourceTree = "<group>"; };
		2397F60B21D4A8AC00F031DE /* CameraOverlayTipView.h */ = {isa = PBXFileReference; lastKnownFileType = sourcecode.c.h; path = CameraOverlayTipView.h; sourceTree = "<group>"; };
		2397F60C21D4A8AC00F031DE /* CameraOverlayTipView.m */ = {isa = PBXFileReference; lastKnownFileType = sourcecode.c.objc; path = CameraOverlayTipView.m; sourceTree = "<group>"; };
		2397F60E21D4B19E00F031DE /* CameraDelegate.h */ = {isa = PBXFileReference; lastKnownFileType = sourcecode.c.h; path = CameraDelegate.h; sourceTree = "<group>"; };
		23FFC4E821DC97A7000945E3 /* CameraCropView.xib */ = {isa = PBXFileReference; fileEncoding = 4; lastKnownFileType = file.xib; path = CameraCropView.xib; sourceTree = "<group>"; };
		23FFC4E921DC97A7000945E3 /* CameraCropView.m */ = {isa = PBXFileReference; fileEncoding = 4; lastKnownFileType = sourcecode.c.objc; path = CameraCropView.m; sourceTree = "<group>"; };
		23FFC4EA21DC97A7000945E3 /* CameraCropView.h */ = {isa = PBXFileReference; fileEncoding = 4; lastKnownFileType = sourcecode.c.h; path = CameraCropView.h; sourceTree = "<group>"; };
		23FFC4ED21DC9841000945E3 /* HitView.m */ = {isa = PBXFileReference; fileEncoding = 4; lastKnownFileType = sourcecode.c.objc; path = HitView.m; sourceTree = "<group>"; };
		23FFC4EE21DC9841000945E3 /* HitView.h */ = {isa = PBXFileReference; fileEncoding = 4; lastKnownFileType = sourcecode.c.h; path = HitView.h; sourceTree = "<group>"; };
		250C87CA6B6D2871CABE6C70 /* Pods_CamerDemo.framework */ = {isa = PBXFileReference; explicitFileType = wrapper.framework; includeInIndex = 0; path = Pods_CamerDemo.framework; sourceTree = BUILT_PRODUCTS_DIR; };
		C522F85E6C3F102CC0A4BBFF /* Pods-CamerDemo.debug.xcconfig */ = {isa = PBXFileReference; includeInIndex = 1; lastKnownFileType = text.xcconfig; name = "Pods-CamerDemo.debug.xcconfig"; path = "Pods/Target Support Files/Pods-CamerDemo/Pods-CamerDemo.debug.xcconfig"; sourceTree = "<group>"; };
		E4E8924D4DBE9AF8986EDC26 /* Pods-CamerDemo.release.xcconfig */ = {isa = PBXFileReference; includeInIndex = 1; lastKnownFileType = text.xcconfig; name = "Pods-CamerDemo.release.xcconfig"; path = "Pods/Target Support Files/Pods-CamerDemo/Pods-CamerDemo.release.xcconfig"; sourceTree = "<group>"; };
/* End PBXFileReference section */

/* Begin PBXFrameworksBuildPhase section */
		2328158B21D46F8C00C83C44 /* Frameworks */ = {
			isa = PBXFrameworksBuildPhase;
			buildActionMask = 2147483647;
			files = (
				E923B7D8075DAF15E062CCB1 /* Pods_CamerDemo.framework in Frameworks */,
			);
			runOnlyForDeploymentPostprocessing = 0;
		};
/* End PBXFrameworksBuildPhase section */

/* Begin PBXGroup section */
		2328158521D46F8B00C83C44 = {
			isa = PBXGroup;
			children = (
				2328159021D46F8C00C83C44 /* CamerDemo */,
				2328158F21D46F8C00C83C44 /* Products */,
				FAC9FBA6BB1B95A2E7A95B16 /* Pods */,
				F9E92D8A5EFF613DD0A9617B /* Frameworks */,
			);
			sourceTree = "<group>";
		};
		2328158F21D46F8C00C83C44 /* Products */ = {
			isa = PBXGroup;
			children = (
				2328158E21D46F8C00C83C44 /* CamerDemo.app */,
			);
			name = Products;
			sourceTree = "<group>";
		};
		2328159021D46F8C00C83C44 /* CamerDemo */ = {
			isa = PBXGroup;
			children = (
				2328159121D46F8C00C83C44 /* AppDelegate.h */,
				2328159221D46F8C00C83C44 /* AppDelegate.m */,
				2328159421D46F8C00C83C44 /* ViewController.h */,
				2328159521D46F8C00C83C44 /* ViewController.m */,
				2328159721D46F8C00C83C44 /* Main.storyboard */,
				232815A721D46FBB00C83C44 /* Camera */,
				2328159A21D46F8F00C83C44 /* Assets.xcassets */,
				2328159C21D46F8F00C83C44 /* LaunchScreen.storyboard */,
				2328159F21D46F8F00C83C44 /* Info.plist */,
				232815A021D46F8F00C83C44 /* main.m */,
			);
			path = CamerDemo;
			sourceTree = "<group>";
		};
		232815A721D46FBB00C83C44 /* Camera */ = {
			isa = PBXGroup;
			children = (
				232815AB21D4707200C83C44 /* CameraViewController.h */,
				232815AC21D4707200C83C44 /* CameraViewController.m */,
				232815AE21D470D500C83C44 /* CameraOverlayView.h */,
				232815AF21D470D500C83C44 /* CameraOverlayView.m */,
				232815B421D4711200C83C44 /* CameraOverlayView.xib */,
				2337436F21D600FE00DE76DF /* CameraPreviewView.h */,
				2337437021D600FE00DE76DF /* CameraPreviewView.m */,
				2397F60B21D4A8AC00F031DE /* CameraOverlayTipView.h */,
				2397F60C21D4A8AC00F031DE /* CameraOverlayTipView.m */,
				232815B121D4710100C83C44 /* CameraResultOverlayView.h */,
				232815B221D4710100C83C44 /* CameraResultOverlayView.m */,
				232815B621D4712600C83C44 /* CameraResultOverlayView.xib */,
				23FFC4EA21DC97A7000945E3 /* CameraCropView.h */,
				23FFC4E921DC97A7000945E3 /* CameraCropView.m */,
				23FFC4E821DC97A7000945E3 /* CameraCropView.xib */,
				23FFC4EE21DC9841000945E3 /* HitView.h */,
				23FFC4ED21DC9841000945E3 /* HitView.m */,
				2397F60E21D4B19E00F031DE /* CameraDelegate.h */,
			);
			path = Camera;
			sourceTree = "<group>";
		};
		F9E92D8A5EFF613DD0A9617B /* Frameworks */ = {
			isa = PBXGroup;
			children = (
				250C87CA6B6D2871CABE6C70 /* Pods_CamerDemo.framework */,
			);
			name = Frameworks;
			sourceTree = "<group>";
		};
		FAC9FBA6BB1B95A2E7A95B16 /* Pods */ = {
			isa = PBXGroup;
			children = (
				C522F85E6C3F102CC0A4BBFF /* Pods-CamerDemo.debug.xcconfig */,
				E4E8924D4DBE9AF8986EDC26 /* Pods-CamerDemo.release.xcconfig */,
			);
			name = Pods;
			sourceTree = "<group>";
		};
/* End PBXGroup section */

/* Begin PBXNativeTarget section */
		2328158D21D46F8C00C83C44 /* CamerDemo */ = {
			isa = PBXNativeTarget;
			buildConfigurationList = 232815A421D46F8F00C83C44 /* Build configuration list for PBXNativeTarget "CamerDemo" */;
			buildPhases = (
				285379E7A9073CB858B7AD12 /* [CP] Check Pods Manifest.lock */,
				2328158A21D46F8C00C83C44 /* Sources */,
				2328158B21D46F8C00C83C44 /* Frameworks */,
				2328158C21D46F8C00C83C44 /* Resources */,
				D383DAD1F010DEA4A99B801D /* [CP] Embed Pods Frameworks */,
			);
			buildRules = (
			);
			dependencies = (
			);
			name = CamerDemo;
			productName = CamerDemo;
			productReference = 2328158E21D46F8C00C83C44 /* CamerDemo.app */;
			productType = "com.apple.product-type.application";
		};
/* End PBXNativeTarget section */

/* Begin PBXProject section */
		2328158621D46F8B00C83C44 /* Project object */ = {
			isa = PBXProject;
			attributes = {
				LastUpgradeCheck = 1010;
				ORGANIZATIONNAME = yang;
				TargetAttributes = {
					2328158D21D46F8C00C83C44 = {
						CreatedOnToolsVersion = 10.1;
					};
				};
			};
			buildConfigurationList = 2328158921D46F8B00C83C44 /* Build configuration list for PBXProject "CamerDemo" */;
			compatibilityVersion = "Xcode 9.3";
			developmentRegion = en;
			hasScannedForEncodings = 0;
			knownRegions = (
				en,
				Base,
			);
			mainGroup = 2328158521D46F8B00C83C44;
			productRefGroup = 2328158F21D46F8C00C83C44 /* Products */;
			projectDirPath = "";
			projectRoot = "";
			targets = (
				2328158D21D46F8C00C83C44 /* CamerDemo */,
			);
		};
/* End PBXProject section */

/* Begin PBXResourcesBuildPhase section */
		2328158C21D46F8C00C83C44 /* Resources */ = {
			isa = PBXResourcesBuildPhase;
			buildActionMask = 2147483647;
			files = (
				232815B521D4711200C83C44 /* CameraOverlayView.xib in Resources */,
				2328159E21D46F8F00C83C44 /* LaunchScreen.storyboard in Resources */,
				232815B721D4712600C83C44 /* CameraResultOverlayView.xib in Resources */,
				2328159B21D46F8F00C83C44 /* Assets.xcassets in Resources */,
				2328159921D46F8C00C83C44 /* Main.storyboard in Resources */,
				23FFC4EB21DC97A8000945E3 /* CameraCropView.xib in Resources */,
			);
			runOnlyForDeploymentPostprocessing = 0;
		};
/* End PBXResourcesBuildPhase section */

/* Begin PBXShellScriptBuildPhase section */
		285379E7A9073CB858B7AD12 /* [CP] Check Pods Manifest.lock */ = {
			isa = PBXShellScriptBuildPhase;
			buildActionMask = 2147483647;
			files = (
			);
			inputPaths = (
				"${PODS_PODFILE_DIR_PATH}/Podfile.lock",
				"${PODS_ROOT}/Manifest.lock",
			);
			name = "[CP] Check Pods Manifest.lock";
			outputPaths = (
				"$(DERIVED_FILE_DIR)/Pods-CamerDemo-checkManifestLockResult.txt",
			);
			runOnlyForDeploymentPostprocessing = 0;
			shellPath = /bin/sh;
			shellScript = "diff \"${PODS_PODFILE_DIR_PATH}/Podfile.lock\" \"${PODS_ROOT}/Manifest.lock\" > /dev/null\nif [ $? != 0 ] ; then\n    # print error to STDERR\n    echo \"error: The sandbox is not in sync with the Podfile.lock. Run 'pod install' or update your CocoaPods installation.\" >&2\n    exit 1\nfi\n# This output is used by Xcode 'outputs' to avoid re-running this script phase.\necho \"SUCCESS\" > \"${SCRIPT_OUTPUT_FILE_0}\"\n";
			showEnvVarsInLog = 0;
		};
		D383DAD1F010DEA4A99B801D /* [CP] Embed Pods Frameworks */ = {
			isa = PBXShellScriptBuildPhase;
			buildActionMask = 2147483647;
			files = (
			);
			inputPaths = (
				"${SRCROOT}/Pods/Target Support Files/Pods-CamerDemo/Pods-CamerDemo-frameworks.sh",
				"${BUILT_PRODUCTS_DIR}/Masonry/Masonry.framework",
				"${BUILT_PRODUCTS_DIR}/NYXImagesKit/NYXImagesKit.framework",
			);
			name = "[CP] Embed Pods Frameworks";
			outputPaths = (
				"${TARGET_BUILD_DIR}/${FRAMEWORKS_FOLDER_PATH}/Masonry.framework",
				"${TARGET_BUILD_DIR}/${FRAMEWORKS_FOLDER_PATH}/NYXImagesKit.framework",
			);
			runOnlyForDeploymentPostprocessing = 0;
			shellPath = /bin/sh;
			shellScript = "\"${SRCROOT}/Pods/Target Support Files/Pods-CamerDemo/Pods-CamerDemo-frameworks.sh\"\n";
			showEnvVarsInLog = 0;
		};
/* End PBXShellScriptBuildPhase section */

/* Begin PBXSourcesBuildPhase section */
		2328158A21D46F8C00C83C44 /* Sources */ = {
			isa = PBXSourcesBuildPhase;
			buildActionMask = 2147483647;
			files = (
				2328159621D46F8C00C83C44 /* ViewController.m in Sources */,
				232815AD21D4707200C83C44 /* CameraViewController.m in Sources */,
				232815B021D470D500C83C44 /* CameraOverlayView.m in Sources */,
				23FFC4EC21DC97A8000945E3 /* CameraCropView.m in Sources */,
				23FFC4EF21DC9842000945E3 /* HitView.m in Sources */,
				232815A121D46F8F00C83C44 /* main.m in Sources */,
				2397F60D21D4A8AC00F031DE /* CameraOverlayTipView.m in Sources */,
				2328159321D46F8C00C83C44 /* AppDelegate.m in Sources */,
				232815B321D4710100C83C44 /* CameraResultOverlayView.m in Sources */,
				2337437121D600FE00DE76DF /* CameraPreviewView.m in Sources */,
			);
			runOnlyForDeploymentPostprocessing = 0;
		};
/* End PBXSourcesBuildPhase section */

/* Begin PBXVariantGroup section */
		2328159721D46F8C00C83C44 /* Main.storyboard */ = {
			isa = PBXVariantGroup;
			children = (
				2328159821D46F8C00C83C44 /* Base */,
			);
			name = Main.storyboard;
			sourceTree = "<group>";
		};
		2328159C21D46F8F00C83C44 /* LaunchScreen.storyboard */ = {
			isa = PBXVariantGroup;
			children = (
				2328159D21D46F8F00C83C44 /* Base */,
			);
			name = LaunchScreen.storyboard;
			sourceTree = "<group>";
		};
/* End PBXVariantGroup section */

/* Begin XCBuildConfiguration section */
		232815A221D46F8F00C83C44 /* Debug */ = {
			isa = XCBuildConfiguration;
			buildSettings = {
				ALWAYS_SEARCH_USER_PATHS = NO;
				CLANG_ANALYZER_NONNULL = YES;
				CLANG_ANALYZER_NUMBER_OBJECT_CONVERSION = YES_AGGRESSIVE;
				CLANG_CXX_LANGUAGE_STANDARD = "gnu++14";
				CLANG_CXX_LIBRARY = "libc++";
				CLANG_ENABLE_MODULES = YES;
				CLANG_ENABLE_OBJC_ARC = YES;
				CLANG_ENABLE_OBJC_WEAK = YES;
				CLANG_WARN_BLOCK_CAPTURE_AUTORELEASING = YES;
				CLANG_WARN_BOOL_CONVERSION = YES;
				CLANG_WARN_COMMA = YES;
				CLANG_WARN_CONSTANT_CONVERSION = YES;
				CLANG_WARN_DEPRECATED_OBJC_IMPLEMENTATIONS = YES;
				CLANG_WARN_DIRECT_OBJC_ISA_USAGE = YES_ERROR;
				CLANG_WARN_DOCUMENTATION_COMMENTS = YES;
				CLANG_WARN_EMPTY_BODY = YES;
				CLANG_WARN_ENUM_CONVERSION = YES;
				CLANG_WARN_INFINITE_RECURSION = YES;
				CLANG_WARN_INT_CONVERSION = YES;
				CLANG_WARN_NON_LITERAL_NULL_CONVERSION = YES;
				CLANG_WARN_OBJC_IMPLICIT_RETAIN_SELF = YES;
				CLANG_WARN_OBJC_LITERAL_CONVERSION = YES;
				CLANG_WARN_OBJC_ROOT_CLASS = YES_ERROR;
				CLANG_WARN_RANGE_LOOP_ANALYSIS = YES;
				CLANG_WARN_STRICT_PROTOTYPES = YES;
				CLANG_WARN_SUSPICIOUS_MOVE = YES;
				CLANG_WARN_UNGUARDED_AVAILABILITY = YES_AGGRESSIVE;
				CLANG_WARN_UNREACHABLE_CODE = YES;
				CLANG_WARN__DUPLICATE_METHOD_MATCH = YES;
				CODE_SIGN_IDENTITY = "iPhone Developer";
				COPY_PHASE_STRIP = NO;
				DEBUG_INFORMATION_FORMAT = dwarf;
				ENABLE_STRICT_OBJC_MSGSEND = YES;
				ENABLE_TESTABILITY = YES;
				GCC_C_LANGUAGE_STANDARD = gnu11;
				GCC_DYNAMIC_NO_PIC = NO;
				GCC_NO_COMMON_BLOCKS = YES;
				GCC_OPTIMIZATION_LEVEL = 0;
				GCC_PREPROCESSOR_DEFINITIONS = (
					"DEBUG=1",
					"$(inherited)",
				);
				GCC_WARN_64_TO_32_BIT_CONVERSION = YES;
				GCC_WARN_ABOUT_RETURN_TYPE = YES_ERROR;
				GCC_WARN_UNDECLARED_SELECTOR = YES;
				GCC_WARN_UNINITIALIZED_AUTOS = YES_AGGRESSIVE;
				GCC_WARN_UNUSED_FUNCTION = YES;
				GCC_WARN_UNUSED_VARIABLE = YES;
				IPHONEOS_DEPLOYMENT_TARGET = 12.1;
				MTL_ENABLE_DEBUG_INFO = INCLUDE_SOURCE;
				MTL_FAST_MATH = YES;
				ONLY_ACTIVE_ARCH = YES;
				SDKROOT = iphoneos;
			};
			name = Debug;
		};
		232815A321D46F8F00C83C44 /* Release */ = {
			isa = XCBuildConfiguration;
			buildSettings = {
				ALWAYS_SEARCH_USER_PATHS = NO;
				CLANG_ANALYZER_NONNULL = YES;
				CLANG_ANALYZER_NUMBER_OBJECT_CONVERSION = YES_AGGRESSIVE;
				CLANG_CXX_LANGUAGE_STANDARD = "gnu++14";
				CLANG_CXX_LIBRARY = "libc++";
				CLANG_ENABLE_MODULES = YES;
				CLANG_ENABLE_OBJC_ARC = YES;
				CLANG_ENABLE_OBJC_WEAK = YES;
				CLANG_WARN_BLOCK_CAPTURE_AUTORELEASING = YES;
				CLANG_WARN_BOOL_CONVERSION = YES;
				CLANG_WARN_COMMA = YES;
				CLANG_WARN_CONSTANT_CONVERSION = YES;
				CLANG_WARN_DEPRECATED_OBJC_IMPLEMENTATIONS = YES;
				CLANG_WARN_DIRECT_OBJC_ISA_USAGE = YES_ERROR;
				CLANG_WARN_DOCUMENTATION_COMMENTS = YES;
				CLANG_WARN_EMPTY_BODY = YES;
				CLANG_WARN_ENUM_CONVERSION = YES;
				CLANG_WARN_INFINITE_RECURSION = YES;
				CLANG_WARN_INT_CONVERSION = YES;
				CLANG_WARN_NON_LITERAL_NULL_CONVERSION = YES;
				CLANG_WARN_OBJC_IMPLICIT_RETAIN_SELF = YES;
				CLANG_WARN_OBJC_LITERAL_CONVERSION = YES;
				CLANG_WARN_OBJC_ROOT_CLASS = YES_ERROR;
				CLANG_WARN_RANGE_LOOP_ANALYSIS = YES;
				CLANG_WARN_STRICT_PROTOTYPES = YES;
				CLANG_WARN_SUSPICIOUS_MOVE = YES;
				CLANG_WARN_UNGUARDED_AVAILABILITY = YES_AGGRESSIVE;
				CLANG_WARN_UNREACHABLE_CODE = YES;
				CLANG_WARN__DUPLICATE_METHOD_MATCH = YES;
				CODE_SIGN_IDENTITY = "iPhone Developer";
				COPY_PHASE_STRIP = NO;
				DEBUG_INFORMATION_FORMAT = "dwarf-with-dsym";
				ENABLE_NS_ASSERTIONS = NO;
				ENABLE_STRICT_OBJC_MSGSEND = YES;
				GCC_C_LANGUAGE_STANDARD = gnu11;
				GCC_NO_COMMON_BLOCKS = YES;
				GCC_WARN_64_TO_32_BIT_CONVERSION = YES;
				GCC_WARN_ABOUT_RETURN_TYPE = YES_ERROR;
				GCC_WARN_UNDECLARED_SELECTOR = YES;
				GCC_WARN_UNINITIALIZED_AUTOS = YES_AGGRESSIVE;
				GCC_WARN_UNUSED_FUNCTION = YES;
				GCC_WARN_UNUSED_VARIABLE = YES;
				IPHONEOS_DEPLOYMENT_TARGET = 12.1;
				MTL_ENABLE_DEBUG_INFO = NO;
				MTL_FAST_MATH = YES;
				SDKROOT = iphoneos;
				VALIDATE_PRODUCT = YES;
			};
			name = Release;
		};
		232815A521D46F8F00C83C44 /* Debug */ = {
			isa = XCBuildConfiguration;
			baseConfigurationReference = C522F85E6C3F102CC0A4BBFF /* Pods-CamerDemo.debug.xcconfig */;
			buildSettings = {
				ASSETCATALOG_COMPILER_APPICON_NAME = AppIcon;
				CODE_SIGN_STYLE = Automatic;
				DEVELOPMENT_TEAM = 4TCW3KT5AU;
				INFOPLIST_FILE = CamerDemo/Info.plist;
				IPHONEOS_DEPLOYMENT_TARGET = 8.3;
				LD_RUNPATH_SEARCH_PATHS = (
					"$(inherited)",
					"@executable_path/Frameworks",
				);
				PRODUCT_BUNDLE_IDENTIFIER = com.yjyx.CamerDemo;
				PRODUCT_NAME = "$(TARGET_NAME)";
				TARGETED_DEVICE_FAMILY = "1,2";
			};
			name = Debug;
		};
		232815A621D46F8F00C83C44 /* Release */ = {
			isa = XCBuildConfiguration;
			baseConfigurationReference = E4E8924D4DBE9AF8986EDC26 /* Pods-CamerDemo.release.xcconfig */;
			buildSettings = {
				ASSETCATALOG_COMPILER_APPICON_NAME = AppIcon;
				CODE_SIGN_STYLE = Automatic;
				DEVELOPMENT_TEAM = 4TCW3KT5AU;
				INFOPLIST_FILE = CamerDemo/Info.plist;
				IPHONEOS_DEPLOYMENT_TARGET = 8.3;
				LD_RUNPATH_SEARCH_PATHS = (
					"$(inherited)",
					"@executable_path/Frameworks",
				);
				PRODUCT_BUNDLE_IDENTIFIER = com.yjyx.CamerDemo;
				PRODUCT_NAME = "$(TARGET_NAME)";
				TARGETED_DEVICE_FAMILY = "1,2";
			};
			name = Release;
		};
/* End XCBuildConfiguration section */

/* Begin XCConfigurationList section */
		2328158921D46F8B00C83C44 /* Build configuration list for PBXProject "CamerDemo" */ = {
			isa = XCConfigurationList;
			buildConfigurations = (
				232815A221D46F8F00C83C44 /* Debug */,
				232815A321D46F8F00C83C44 /* Release */,
			);
			defaultConfigurationIsVisible = 0;
			defaultConfigurationName = Release;
		};
		232815A421D46F8F00C83C44 /* Build configuration list for PBXNativeTarget "CamerDemo" */ = {
			isa = XCConfigurationList;
			buildConfigurations = (
				232815A521D46F8F00C83C44 /* Debug */,
				232815A621D46F8F00C83C44 /* Release */,
			);
			defaultConfigurationIsVisible = 0;
			defaultConfigurationName = Release;
		};
/* End XCConfigurationList section */
	};
	rootObject = 2328158621D46F8B00C83C44 /* Project object */;
}
